# This file is generated by running "yarn install" inside your project.
# Manual changes might be lost - proceed with caution!

__metadata:
  version: 8
  cacheKey: 10c0

"particles.js@npm:^2.0.0":
  version: 2.0.0
  resolution: "particles.js@npm:2.0.0"
  checksum: 10c0/ee9c51699f141ec6f963507ff108511a53b6a1e30851113282e6839927341066f8f6b4baee0feb7c48a8b3ce91e6d39d9f2608387558657c6b2653655cdf6744
  languageName: node
  linkType: hard

"root-workspace-0b6124@workspace:.":
  version: 0.0.0-use.local
  resolution: "root-workspace-0b6124@workspace:."
  dependencies:
    particles.js: "npm:^2.0.0"
  languageName: unknown
  linkType: soft
